
Microsoft Visual Studio Solution File, Format Version 12.00
# Visual Studio 15
VisualStudioVersion = 15.0.28307.106
MinimumVisualStudioVersion = 10.0.40219.1
Project("{FAE04EC0-301F-11D3-BF4B-00C04F79EFBC}") = "BasketballTeam", "BasketballTeam\BasketballTeam.csproj", "{77BA2B0E-E7EA-475F-BD00-23B0CA6B1F95}"
EndProject
Global
	GlobalSection(SolutionConfigurationPlatforms) = preSolution
		Debug|Any CPU = Debug|Any CPU
		Release|Any CPU = Release|Any CPU
	EndGlobalSection
	GlobalSection(ProjectConfigurationPlatforms) = postSolution
		{77BA2B0E-E7EA-475F-BD00-23B0CA6B1F95}.Debug|Any CPU.ActiveCfg = Debug|Any CPU
		{77BA2B0E-E7EA-475F-BD00-23B0CA6B1F95}.Debug|Any CPU.Build.0 = Debug|Any CPU
		{77BA2B0E-E7EA-475F-BD00-23B0CA6B1F95}.Release|Any CPU.ActiveCfg = Release|Any CPU
		{77BA2B0E-E7EA-475F-BD00-23B0CA6B1F95}.Release|Any CPU.Build.0 = Release|Any CPU
	EndGlobalSection
	GlobalSection(SolutionProperties) = preSolution
		HideSolutionNode = FALSE
	EndGlobalSection
	GlobalSection(ExtensibilityGlobals) = postSolution
		SolutionGuid = {2A68C451-AD44-4EB0-B189-E2F68DBB4F5C}
	EndGlobalSection
EndGlobal
